// !$*UTF8*$!
{
	archiveVersion = 1;
	classes = {
	};
	objectVersion = 56;
	objects = {

/* Begin PBXBuildFile section */
		80F04E9B2BC271A500D121D8 /* CookieStorageTesterApp.swift in Sources */ = {isa = PBXBuildFile; fileRef = 80F04E9A2BC271A500D121D8 /* CookieStorageTesterApp.swift */; };
		80F04E9D2BC271A500D121D8 /* ContentView.swift in Sources */ = {isa = PBXBuildFile; fileRef = 80F04E9C2BC271A500D121D8 /* ContentView.swift */; };
		80F04E9F2BC271A700D121D8 /* Assets.xcassets in Resources */ = {isa = PBXBuildFile; fileRef = 80F04E9E2BC271A700D121D8 /* Assets.xcassets */; };
		80F04EA22BC271A700D121D8 /* Preview Assets.xcassets in Resources */ = {isa = PBXBuildFile; fileRef = 80F04EA12BC271A700D121D8 /* Preview Assets.xcassets */; };
		80F04EAD2BC2723900D121D8 /* HTTPCookieView.swift in Sources */ = {isa = PBXBuildFile; fileRef = 80F04EAC2BC2723900D121D8 /* HTTPCookieView.swift */; };
		80F04EAF2BC2738800D121D8 /* HTTPCookieUtils.swift in Sources */ = {isa = PBXBuildFile; fileRef = 80F04EAE2BC2738800D121D8 /* HTTPCookieUtils.swift */; };
		80F04EB12BC275DB00D121D8 /* HTTPCookieListView.swift in Sources */ = {isa = PBXBuildFile; fileRef = 80F04EB02BC275DB00D121D8 /* HTTPCookieListView.swift */; };
		80F04EB32BC38F5700D121D8 /* WebView.swift in Sources */ = {isa = PBXBuildFile; fileRef = 80F04EB22BC38F5700D121D8 /* WebView.swift */; };
		80F04EB52BC3902C00D121D8 /* CookieStorageType.swift in Sources */ = {isa = PBXBuildFile; fileRef = 80F04EB42BC3902C00D121D8 /* CookieStorageType.swift */; };
/* End PBXBuildFile section */

/* Begin PBXFileReference section */
		80F04E972BC271A500D121D8 /* CookieStorageTester.app */ = {isa = PBXFileReference; explicitFileType = wrapper.application; includeInIndex = 0; path = CookieStorageTester.app; sourceTree = BUILT_PRODUCTS_DIR; };
		80F04E9A2BC271A500D121D8 /* CookieStorageTesterApp.swift */ = {isa = PBXFileReference; lastKnownFileType = sourcecode.swift; path = CookieStorageTesterApp.swift; sourceTree = "<group>"; };
		80F04E9C2BC271A500D121D8 /* ContentView.swift */ = {isa = PBXFileReference; lastKnownFileType = sourcecode.swift; path = ContentView.swift; sourceTree = "<group>"; };
		80F04E9E2BC271A700D121D8 /* Assets.xcassets */ = {isa = PBXFileReference; lastKnownFileType = folder.assetcatalog; path = Assets.xcassets; sourceTree = "<group>"; };
		80F04EA12BC271A700D121D8 /* Preview Assets.xcassets */ = {isa = PBXFileReference; lastKnownFileType = folder.assetcatalog; path = "Preview Assets.xcassets"; sourceTree = "<group>"; };
		80F04EAC2BC2723900D121D8 /* HTTPCookieView.swift */ = {isa = PBXFileReference; lastKnownFileType = sourcecode.swift; path = HTTPCookieView.swift; sourceTree = "<group>"; };
		80F04EAE2BC2738800D121D8 /* HTTPCookieUtils.swift */ = {isa = PBXFileReference; lastKnownFileType = sourcecode.swift; path = HTTPCookieUtils.swift; sourceTree = "<group>"; };
		80F04EB02BC275DB00D121D8 /* HTTPCookieListView.swift */ = {isa = PBXFileReference; lastKnownFileType = sourcecode.swift; path = HTTPCookieListView.swift; sourceTree = "<group>"; };
		80F04EB22BC38F5700D121D8 /* WebView.swift */ = {isa = PBXFileReference; fileEncoding = 4; lastKnownFileType = sourcecode.swift; path = WebView.swift; sourceTree = "<group>"; };
		80F04EB42BC3902C00D121D8 /* CookieStorageType.swift */ = {isa = PBXFileReference; lastKnownFileType = sourcecode.swift; path = CookieStorageType.swift; sourceTree = "<group>"; };
/* End PBXFileReference section */

/* Begin PBXFrameworksBuildPhase section */
		80F04E942BC271A500D121D8 /* Frameworks */ = {
			isa = PBXFrameworksBuildPhase;
			buildActionMask = 2147483647;
			files = (
			);
			runOnlyForDeploymentPostprocessing = 0;
		};
/* End PBXFrameworksBuildPhase section */

/* Begin PBXGroup section */
		80F04E8E2BC271A500D121D8 = {
			isa = PBXGroup;
			children = (
				80F04E992BC271A500D121D8 /* CookieStorageTester */,
				80F04E982BC271A500D121D8 /* Products */,
			);
			sourceTree = "<group>";
		};
		80F04E982BC271A500D121D8 /* Products */ = {
			isa = PBXGroup;
			children = (
				80F04E972BC271A500D121D8 /* CookieStorageTester.app */,
			);
			name = Products;
			sourceTree = "<group>";
		};
		80F04E992BC271A500D121D8 /* CookieStorageTester */ = {
			isa = PBXGroup;
			children = (
				80F04EB22BC38F5700D121D8 /* WebView.swift */,
				80F04EB42BC3902C00D121D8 /* CookieStorageType.swift */,
				80F04EAE2BC2738800D121D8 /* HTTPCookieUtils.swift */,
				80F04EAC2BC2723900D121D8 /* HTTPCookieView.swift */,
				80F04EB02BC275DB00D121D8 /* HTTPCookieListView.swift */,
				80F04E9A2BC271A500D121D8 /* CookieStorageTesterApp.swift */,
				80F04E9C2BC271A500D121D8 /* ContentView.swift */,
				80F04E9E2BC271A700D121D8 /* Assets.xcassets */,
				80F04EA02BC271A700D121D8 /* Preview Content */,
			);
			path = CookieStorageTester;
			sourceTree = "<group>";
		};
		80F04EA02BC271A700D121D8 /* Preview Content */ = {
			isa = PBXGroup;
			children = (
				80F04EA12BC271A700D121D8 /* Preview Assets.xcassets */,
			);
			path = "Preview Content";
			sourceTree = "<group>";
		};
/* End PBXGroup section */

/* Begin PBXNativeTarget section */
		80F04E962BC271A500D121D8 /* CookieStorageTester */ = {
			isa = PBXNativeTarget;
			buildConfigurationList = 80F04EA52BC271A700D121D8 /* Build configuration list for PBXNativeTarget "CookieStorageTester" */;
			buildPhases = (
				80F04E932BC271A500D121D8 /* Sources */,
				80F04E942BC271A500D121D8 /* Frameworks */,
				80F04E952BC271A500D121D8 /* Resources */,
			);
			buildRules = (
			);
			dependencies = (
			);
			name = CookieStorageTester;
			productName = CookieStorageTester;
			productReference = 80F04E972BC271A500D121D8 /* CookieStorageTester.app */;
			productType = "com.apple.product-type.application";
		};
/* End PBXNativeTarget section */

/* Begin PBXProject section */
		80F04E8F2BC271A500D121D8 /* Project object */ = {
			isa = PBXProject;
			attributes = {
				BuildIndependentTargetsInParallel = 1;
				LastSwiftUpdateCheck = 1520;
				LastUpgradeCheck = 1520;
				TargetAttributes = {
					80F04E962BC271A500D121D8 = {
						CreatedOnToolsVersion = 15.2;
					};
				};
			};
			buildConfigurationList = 80F04E922BC271A500D121D8 /* Build configuration list for PBXProject "CookieStorageTester" */;
			compatibilityVersion = "Xcode 14.0";
			developmentRegion = en;
			hasScannedForEncodings = 0;
			knownRegions = (
				en,
				Base,
			);
			mainGroup = 80F04E8E2BC271A500D121D8;
			productRefGroup = 80F04E982BC271A500D121D8 /* Products */;
			projectDirPath = "";
			projectRoot = "";
			targets = (
				80F04E962BC271A500D121D8 /* CookieStorageTester */,
			);
		};
/* End PBXProject section */

/* Begin PBXResourcesBuildPhase section */
		80F04E952BC271A500D121D8 /* Resources */ = {
			isa = PBXResourcesBuildPhase;
			buildActionMask = 2147483647;
			files = (
				80F04EA22BC271A700D121D8 /* Preview Assets.xcassets in Resources */,
				80F04E9F2BC271A700D121D8 /* Assets.xcassets in Resources */,
			);
			runOnlyForDeploymentPostprocessing = 0;
		};
/* End PBXResourcesBuildPhase section */

/* Begin PBXSourcesBuildPhase section */
		80F04E932BC271A500D121D8 /* Sources */ = {
			isa = PBXSourcesBuildPhase;
			buildActionMask = 2147483647;
			files = (
				80F04EB52BC3902C00D121D8 /* CookieStorageType.swift in Sources */,
				80F04E9D2BC271A500D121D8 /* ContentView.swift in Sources */,
				80F04EB32BC38F5700D121D8 /* WebView.swift in Sources */,
				80F04E9B2BC271A500D121D8 /* CookieStorageTesterApp.swift in Sources */,
				80F04EB12BC275DB00D121D8 /* HTTPCookieListView.swift in Sources */,
				80F04EAD2BC2723900D121D8 /* HTTPCookieView.swift in Sources */,
				80F04EAF2BC2738800D121D8 /* HTTPCookieUtils.swift in Sources */,
			);
			runOnlyForDeploymentPostprocessing = 0;
		};
/* End PBXSourcesBuildPhase section */

/* Begin XCBuildConfiguration section */
		80F04EA32BC271A700D121D8 /* Debug */ = {
			isa = XCBuildConfiguration;
			buildSettings = {
				ALWAYS_SEARCH_USER_PATHS = NO;
				ASSETCATALOG_COMPILER_GENERATE_SWIFT_ASSET_SYMBOL_EXTENSIONS = YES;
				CLANG_ANALYZER_NONNULL = YES;
				CLANG_ANALYZER_NUMBER_OBJECT_CONVERSION = YES_AGGRESSIVE;
				CLANG_CXX_LANGUAGE_STANDARD = "gnu++20";
				CLANG_ENABLE_MODULES = YES;
				CLANG_ENABLE_OBJC_ARC = YES;
				CLANG_ENABLE_OBJC_WEAK = YES;
				CLANG_WARN_BLOCK_CAPTURE_AUTORELEASING = YES;
				CLANG_WARN_BOOL_CONVERSION = YES;
				CLANG_WARN_COMMA = YES;
				CLANG_WARN_CONSTANT_CONVERSION = YES;
				CLANG_WARN_DEPRECATED_OBJC_IMPLEMENTATIONS = YES;
				CLANG_WARN_DIRECT_OBJC_ISA_USAGE = YES_ERROR;
				CLANG_WARN_DOCUMENTATION_COMMENTS = YES;
				CLANG_WARN_EMPTY_BODY = YES;
				CLANG_WARN_ENUM_CONVERSION = YES;
				CLANG_WARN_INFINITE_RECURSION = YES;
				CLANG_WARN_INT_CONVERSION = YES;
				CLANG_WARN_NON_LITERAL_NULL_CONVERSION = YES;
				CLANG_WARN_OBJC_IMPLICIT_RETAIN_SELF = YES;
				CLANG_WARN_OBJC_LITERAL_CONVERSION = YES;
				CLANG_WARN_OBJC_ROOT_CLASS = YES_ERROR;
				CLANG_WARN_QUOTED_INCLUDE_IN_FRAMEWORK_HEADER = YES;
				CLANG_WARN_RANGE_LOOP_ANALYSIS = YES;
				CLANG_WARN_STRICT_PROTOTYPES = YES;
				CLANG_WARN_SUSPICIOUS_MOVE = YES;
				CLANG_WARN_UNGUARDED_AVAILABILITY = YES_AGGRESSIVE;
				CLANG_WARN_UNREACHABLE_CODE = YES;
				CLANG_WARN__DUPLICATE_METHOD_MATCH = YES;
				COPY_PHASE_STRIP = NO;
				DEBUG_INFORMATION_FORMAT = dwarf;
				ENABLE_STRICT_OBJC_MSGSEND = YES;
				ENABLE_TESTABILITY = YES;
				ENABLE_USER_SCRIPT_SANDBOXING = YES;
				GCC_C_LANGUAGE_STANDARD = gnu17;
				GCC_DYNAMIC_NO_PIC = NO;
				GCC_NO_COMMON_BLOCKS = YES;
				GCC_OPTIMIZATION_LEVEL = 0;
				GCC_PREPROCESSOR_DEFINITIONS = (
					"DEBUG=1",
					"$(inherited)",
				);
				GCC_WARN_64_TO_32_BIT_CONVERSION = YES;
				GCC_WARN_ABOUT_RETURN_TYPE = YES_ERROR;
				GCC_WARN_UNDECLARED_SELECTOR = YES;
				GCC_WARN_UNINITIALIZED_AUTOS = YES_AGGRESSIVE;
				GCC_WARN_UNUSED_FUNCTION = YES;
				GCC_WARN_UNUSED_VARIABLE = YES;
				IPHONEOS_DEPLOYMENT_TARGET = 17.2;
				LOCALIZATION_PREFERS_STRING_CATALOGS = YES;
				MTL_ENABLE_DEBUG_INFO = INCLUDE_SOURCE;
				MTL_FAST_MATH = YES;
				ONLY_ACTIVE_ARCH = YES;
				SDKROOT = iphoneos;
				SWIFT_ACTIVE_COMPILATION_CONDITIONS = "DEBUG $(inherited)";
				SWIFT_OPTIMIZATION_LEVEL = "-Onone";
			};
			name = Debug;
		};
		80F04EA42BC271A700D121D8 /* Release */ = {
			isa = XCBuildConfiguration;
			buildSettings = {
				ALWAYS_SEARCH_USER_PATHS = NO;
				ASSETCATALOG_COMPILER_GENERATE_SWIFT_ASSET_SYMBOL_EXTENSIONS = YES;
				CLANG_ANALYZER_NONNULL = YES;
				CLANG_ANALYZER_NUMBER_OBJECT_CONVERSION = YES_AGGRESSIVE;
				CLANG_CXX_LANGUAGE_STANDARD = "gnu++20";
				CLANG_ENABLE_MODULES = YES;
				CLANG_ENABLE_OBJC_ARC = YES;
				CLANG_ENABLE_OBJC_WEAK = YES;
				CLANG_WARN_BLOCK_CAPTURE_AUTORELEASING = YES;
				CLANG_WARN_BOOL_CONVERSION = YES;
				CLANG_WARN_COMMA = YES;
				CLANG_WARN_CONSTANT_CONVERSION = YES;
				CLANG_WARN_DEPRECATED_OBJC_IMPLEMENTATIONS = YES;
				CLANG_WARN_DIRECT_OBJC_ISA_USAGE = YES_ERROR;
				CLANG_WARN_DOCUMENTATION_COMMENTS = YES;
				CLANG_WARN_EMPTY_BODY = YES;
				CLANG_WARN_ENUM_CONVERSION = YES;
				CLANG_WARN_INFINITE_RECURSION = YES;
				CLANG_WARN_INT_CONVERSION = YES;
				CLANG_WARN_NON_LITERAL_NULL_CONVERSION = YES;
				CLANG_WARN_OBJC_IMPLICIT_RETAIN_SELF = YES;
				CLANG_WARN_OBJC_LITERAL_CONVERSION = YES;
				CLANG_WARN_OBJC_ROOT_CLASS = YES_ERROR;
				CLANG_WARN_QUOTED_INCLUDE_IN_FRAMEWORK_HEADER = YES;
				CLANG_WARN_RANGE_LOOP_ANALYSIS = YES;
				CLANG_WARN_STRICT_PROTOTYPES = YES;
				CLANG_WARN_SUSPICIOUS_MOVE = YES;
				CLANG_WARN_UNGUARDED_AVAILABILITY = YES_AGGRESSIVE;
				CLANG_WARN_UNREACHABLE_CODE = YES;
				CLANG_WARN__DUPLICATE_METHOD_MATCH = YES;
				COPY_PHASE_STRIP = NO;
				DEBUG_INFORMATION_FORMAT = "dwarf-with-dsym";
				ENABLE_NS_ASSERTIONS = NO;
				ENABLE_STRICT_OBJC_MSGSEND = YES;
				ENABLE_USER_SCRIPT_SANDBOXING = YES;
				GCC_C_LANGUAGE_STANDARD = gnu17;
				GCC_NO_COMMON_BLOCKS = YES;
				GCC_WARN_64_TO_32_BIT_CONVERSION = YES;
				GCC_WARN_ABOUT_RETURN_TYPE = YES_ERROR;
				GCC_WARN_UNDECLARED_SELECTOR = YES;
				GCC_WARN_UNINITIALIZED_AUTOS = YES_AGGRESSIVE;
				GCC_WARN_UNUSED_FUNCTION = YES;
				GCC_WARN_UNUSED_VARIABLE = YES;
				IPHONEOS_DEPLOYMENT_TARGET = 17.2;
				LOCALIZATION_PREFERS_STRING_CATALOGS = YES;
				MTL_ENABLE_DEBUG_INFO = NO;
				MTL_FAST_MATH = YES;
				SDKROOT = iphoneos;
				SWIFT_COMPILATION_MODE = wholemodule;
				VALIDATE_PRODUCT = YES;
			};
			name = Release;
		};
		80F04EA62BC271A700D121D8 /* Debug */ = {
			isa = XCBuildConfiguration;
			buildSettings = {
				ASSETCATALOG_COMPILER_APPICON_NAME = AppIcon;
				ASSETCATALOG_COMPILER_GLOBAL_ACCENT_COLOR_NAME = AccentColor;
				CODE_SIGN_STYLE = Automatic;
				CURRENT_PROJECT_VERSION = 1;
				DEVELOPMENT_ASSET_PATHS = "\"CookieStorageTester/Preview Content\"";
				DEVELOPMENT_TEAM = 3WJGEF28GY;
				ENABLE_PREVIEWS = YES;
				GENERATE_INFOPLIST_FILE = YES;
				INFOPLIST_KEY_UIApplicationSceneManifest_Generation = YES;
				INFOPLIST_KEY_UIApplicationSupportsIndirectInputEvents = YES;
				INFOPLIST_KEY_UILaunchScreen_Generation = YES;
				INFOPLIST_KEY_UISupportedInterfaceOrientations_iPad = "UIInterfaceOrientationPortrait UIInterfaceOrientationPortraitUpsideDown UIInterfaceOrientationLandscapeLeft UIInterfaceOrientationLandscapeRight";
				INFOPLIST_KEY_UISupportedInterfaceOrientations_iPhone = "UIInterfaceOrientationPortrait UIInterfaceOrientationLandscapeLeft UIInterfaceOrientationLandscapeRight";
				IPHONEOS_DEPLOYMENT_TARGET = 16.0;
				LD_RUNPATH_SEARCH_PATHS = (
					"$(inherited)",
					"@executable_path/Frameworks",
				);
				MARKETING_VERSION = 1.0;
				PRODUCT_BUNDLE_IDENTIFIER = com.apnspush.CookieStorageTester;
				PRODUCT_NAME = "$(TARGET_NAME)";
				SWIFT_EMIT_LOC_STRINGS = YES;
				SWIFT_VERSION = 5.0;
				TARGETED_DEVICE_FAMILY = "1,2";
			};
			name = Debug;
		};
		80F04EA72BC271A700D121D8 /* Release */ = {
			isa = XCBuildConfiguration;
			buildSettings = {
				ASSETCATALOG_COMPILER_APPICON_NAME = AppIcon;
				ASSETCATALOG_COMPILER_GLOBAL_ACCENT_COLOR_NAME = AccentColor;
				CODE_SIGN_STYLE = Automatic;
				CURRENT_PROJECT_VERSION = 1;
				DEVELOPMENT_ASSET_PATHS = "\"CookieStorageTester/Preview Content\"";
				DEVELOPMENT_TEAM = 3WJGEF28GY;
				ENABLE_PREVIEWS = YES;
				GENERATE_INFOPLIST_FILE = YES;
				INFOPLIST_KEY_UIApplicationSceneManifest_Generation = YES;
				INFOPLIST_KEY_UIApplicationSupportsIndirectInputEvents = YES;
				INFOPLIST_KEY_UILaunchScreen_Generation = YES;
				INFOPLIST_KEY_UISupportedInterfaceOrientations_iPad = "UIInterfaceOrientationPortrait UIInterfaceOrientationPortraitUpsideDown UIInterfaceOrientationLandscapeLeft UIInterfaceOrientationLandscapeRight";
				INFOPLIST_KEY_UISupportedInterfaceOrientations_iPhone = "UIInterfaceOrientationPortrait UIInterfaceOrientationLandscapeLeft UIInterfaceOrientationLandscapeRight";
				IPHONEOS_DEPLOYMENT_TARGET = 16.0;
				LD_RUNPATH_SEARCH_PATHS = (
					"$(inherited)",
					"@executable_path/Frameworks",
				);
				MARKETING_VERSION = 1.0;
				PRODUCT_BUNDLE_IDENTIFIER = com.apnspush.CookieStorageTester;
				PRODUCT_NAME = "$(TARGET_NAME)";
				SWIFT_EMIT_LOC_STRINGS = YES;
				SWIFT_VERSION = 5.0;
				TARGETED_DEVICE_FAMILY = "1,2";
			};
			name = Release;
		};
/* End XCBuildConfiguration section */

/* Begin XCConfigurationList section */
		80F04E922BC271A500D121D8 /* Build configuration list for PBXProject "CookieStorageTester" */ = {
			isa = XCConfigurationList;
			buildConfigurations = (
				80F04EA32BC271A700D121D8 /* Debug */,
				80F04EA42BC271A700D121D8 /* Release */,
			);
			defaultConfigurationIsVisible = 0;
			defaultConfigurationName = Release;
		};
		80F04EA52BC271A700D121D8 /* Build configuration list for PBXNativeTarget "CookieStorageTester" */ = {
			isa = XCConfigurationList;
			buildConfigurations = (
				80F04EA62BC271A700D121D8 /* Debug */,
				80F04EA72BC271A700D121D8 /* Release */,
			);
			defaultConfigurationIsVisible = 0;
			defaultConfigurationName = Release;
		};
/* End XCConfigurationList section */
	};
	rootObject = 80F04E8F2BC271A500D121D8 /* Project object */;
}
